{
  "name": "xstate",
  "lockfileVersion": 2,
  "requires": true,
  "packages": {
    "": {
      "dependencies": {
        "xstate": "^4.33.1"
      }
    },
    "node_modules/xstate": {
      "version": "4.33.1",
      "resolved": "https://registry.npmjs.org/xstate/-/xstate-4.33.1.tgz",
      "integrity": "sha512-C9A3esyOuw/xRpwQUkG2e1Gjd8sZYh42t66COq8DaJgaaLOqmE8zWRH1ouL9mHtQ3WV//uT5Ki3ijHGSUdLiww==",
      "funding": {
        "type": "opencollective",
        "url": "https://opencollective.com/xstate"
      }
    }
  },
  "dependencies": {
    "xstate": {
      "version": "4.33.1",
      "resolved": "https://registry.npmjs.org/xstate/-/xstate-4.33.1.tgz",
      "integrity": "sha512-C9A3esyOuw/xRpwQUkG2e1Gjd8sZYh42t66COq8DaJgaaLOqmE8zWRH1ouL9mHtQ3WV//uT5Ki3ijHGSUdLiww=="
    }
  }
}
